<?xml version="1.0" encoding="utf-8"?>
<Project ToolsVersion="4.0" xmlns="http://schemas.microsoft.com/developer/msbuild/2003">
  <ItemGroup>
    <Filter Include="UnReality">
      <UniqueIdentifier>{E25590BE-4EC0-4435-97FE-F5DA03A8228A}</UniqueIdentifier>
    </Filter>
  </ItemGroup>
  <ItemGroup>
    <ClInclude Include="src\UnReality.h" />
    <ClInclude Include="src\UnReality\Application.h">
      <Filter>UnReality</Filter>
    </ClInclude>
    <ClInclude Include="src\UnReality\Core.h">
      <Filter>UnReality</Filter>
    </ClInclude>
    <ClInclude Include="src\UnReality\EntryPoint.h">
      <Filter>UnReality</Filter>
    </ClInclude>
    <ClInclude Include="src\UnReality\Log.h">
      <Filter>UnReality</Filter>
    </ClInclude>
  </ItemGroup>
  <ItemGroup>
    <ClCompile Include="src\UnReality\Application.cpp">
      <Filter>UnReality</Filter>
    </ClCompile>
    <ClCompile Include="src\UnReality\Log.cpp">
      <Filter>UnReality</Filter>
    </ClCompile>
  </ItemGroup>
</Project>